
Microsoft Visual Studio Solution File, Format Version 12.00
# Visual Studio Version 16
VisualStudioVersion = 16.0.33529.622
MinimumVisualStudioVersion = 10.0.40219.1
Project("{FAE04EC0-301F-11D3-BF4B-00C04F79EFBC}") = "AcuiteCodingChallenge", "AcuiteCodingChallenge\AcuiteCodingChallenge.csproj", "{BF3C4521-66B7-432D-9DD7-8996856EC51A}"
EndProject
Project("{FAE04EC0-301F-11D3-BF4B-00C04F79EFBC}") = "AcuiteCodingChallenge.Application", "AcuiteCodingChallenge.Api\AcuiteCodingChallenge.Application.csproj", "{091CE523-BECB-45FB-A912-23C5B3325A3A}"
EndProject
Project("{FAE04EC0-301F-11D3-BF4B-00C04F79EFBC}") = "AcuiteCodingChallenge.Core", "AcuiteCodingChallenge.Core\AcuiteCodingChallenge.Core.csproj", "{E7024586-891F-421F-9062-E4D9C010EBA0}"
EndProject
Project("{FAE04EC0-301F-11D3-BF4B-00C04F79EFBC}") = "AcuiteCodingChallenge.Infrastructure", "AcuiteCodingChallenge.Infrastructure\AcuiteCodingChallenge.Infrastructure.csproj", "{5352C56C-8981-4D2C-81C6-6D0038E82C9E}"
EndProject
Global
	GlobalSection(SolutionConfigurationPlatforms) = preSolution
		Debug|Any CPU = Debug|Any CPU
		Release|Any CPU = Release|Any CPU
	EndGlobalSection
	GlobalSection(ProjectConfigurationPlatforms) = postSolution
		{BF3C4521-66B7-432D-9DD7-8996856EC51A}.Debug|Any CPU.ActiveCfg = Debug|Any CPU
		{BF3C4521-66B7-432D-9DD7-8996856EC51A}.Debug|Any CPU.Build.0 = Debug|Any CPU
		{BF3C4521-66B7-432D-9DD7-8996856EC51A}.Release|Any CPU.ActiveCfg = Release|Any CPU
		{BF3C4521-66B7-432D-9DD7-8996856EC51A}.Release|Any CPU.Build.0 = Release|Any CPU
		{091CE523-BECB-45FB-A912-23C5B3325A3A}.Debug|Any CPU.ActiveCfg = Debug|Any CPU
		{091CE523-BECB-45FB-A912-23C5B3325A3A}.Debug|Any CPU.Build.0 = Debug|Any CPU
		{091CE523-BECB-45FB-A912-23C5B3325A3A}.Release|Any CPU.ActiveCfg = Release|Any CPU
		{091CE523-BECB-45FB-A912-23C5B3325A3A}.Release|Any CPU.Build.0 = Release|Any CPU
		{E7024586-891F-421F-9062-E4D9C010EBA0}.Debug|Any CPU.ActiveCfg = Debug|Any CPU
		{E7024586-891F-421F-9062-E4D9C010EBA0}.Debug|Any CPU.Build.0 = Debug|Any CPU
		{E7024586-891F-421F-9062-E4D9C010EBA0}.Release|Any CPU.ActiveCfg = Release|Any CPU
		{E7024586-891F-421F-9062-E4D9C010EBA0}.Release|Any CPU.Build.0 = Release|Any CPU
		{5352C56C-8981-4D2C-81C6-6D0038E82C9E}.Debug|Any CPU.ActiveCfg = Debug|Any CPU
		{5352C56C-8981-4D2C-81C6-6D0038E82C9E}.Debug|Any CPU.Build.0 = Debug|Any CPU
		{5352C56C-8981-4D2C-81C6-6D0038E82C9E}.Release|Any CPU.ActiveCfg = Release|Any CPU
		{5352C56C-8981-4D2C-81C6-6D0038E82C9E}.Release|Any CPU.Build.0 = Release|Any CPU
	EndGlobalSection
	GlobalSection(SolutionProperties) = preSolution
		HideSolutionNode = FALSE
	EndGlobalSection
	GlobalSection(ExtensibilityGlobals) = postSolution
		SolutionGuid = {7C118A15-4C7A-4E37-A39D-220E0793765D}
	EndGlobalSection
EndGlobal
